{
  "nodes": {
    "flake-parts_2": {
      "inputs": {
        "nixpkgs-lib": [
          "hermes-agent",
          "nixpkgs"
        ]
      },
      "locked": {
        "lastModified": 1782949081,
        "narHash": "sha256-vp6Y/Grm98ESt6ceOkWiHWyZRDV3J1RID4w+6NWK9yA=",
        "rev": "17c9d6cdfc60c64f4ee8d306f9bc0b4ccb51481e",
        "shallow": true,
        "type": "git",
        "url": "ssh://git@ssh.git.wrzalek.com/nixos/upstream-flake-parts.git"
      },
      "original": {
        "shallow": true,
        "type": "git",
        "url": "ssh://git@ssh.git.wrzalek.com/nixos/upstream-flake-parts.git"
      }
    },
    "hermes-agent": {
      "inputs": {
        "flake-parts": "flake-parts_2",
        "home-manager": "home-manager",
        "nixpkgs": [
          "nixpkgs"
        ],
        "npm-lockfile-fix": "npm-lockfile-fix",
        "pyproject-build-systems": "pyproject-build-systems",
        "pyproject-nix": "pyproject-nix",
        "uv2nix": "uv2nix"
      },
      "locked": {
        "lastModified": 1789401748,
        "narHash": "sha256-AG4pim/AaKWanOhzhhhwXEUsr0wdC9Df+knjf8iS/Aw=",
        "ref": "refs/tags/v2026.9.14",
        "rev": "345cd2b057a452236de401d3534b8502a7465e8d",
        "shallow": true,
        "type": "git",
        "url": "ssh://git@ssh.git.wrzalek.com/nixos/upstream-hermes-agent.git"
      },
      "original": {
        "ref": "refs/tags/v2026.9.14",
        "shallow": true,
        "type": "git",
        "url": "ssh://git@ssh.git.wrzalek.com/nixos/upstream-hermes-agent.git"
      }
    },
    "home-manager": {
      "inputs": {
        "nixpkgs": [
          "hermes-agent",
          "nixpkgs"
        ]
      },
      "locked": {
        "lastModified": 1786487128,
        "narHash": "sha256-ad60hrRVhH/bo3Jl1YLzO+QcS3mUNZr9LNJdzhMO2P4=",
        "rev": "f404edbfa4117810c96b97048299242fc50e5362",
        "shallow": true,
        "type": "git",
        "url": "ssh://git@ssh.git.wrzalek.com/nixos/upstream-home-manager.git"
      },
      "original": {
        "shallow": true,
        "type": "git",
        "url": "ssh://git@ssh.git.wrzalek.com/nixos/upstream-home-manager.git"
      }
    },
    "nixpkgs": {
      "locked": {
        "lastModified": 1782847225,
        "narHash": "sha256-JC9PjqKYG9ve5U8aDOLQipp3+KLANBHUvGdLZlxzdKI=",
        "ref": "nixos-26.05",
        "rev": "95ca1e203c0750115fd4a6f17d5a245dfe6b1edd",
        "shallow": true,
        "type": "git",
        "url": "ssh://git@ssh.git.wrzalek.com/nixos/upstream-nixpkgs.git"
      },
      "original": {
        "ref": "nixos-26.05",
        "shallow": true,
        "type": "git",
        "url": "ssh://git@ssh.git.wrzalek.com/nixos/upstream-nixpkgs.git"
      }
    },
    "nixpkgs-unstable": {
      "locked": {
        "lastModified": 1789286504,
        "narHash": "sha256-eiEK7cKZORNEvX0GeF3RtNEF/JXhgf2RqSp3230q13E=",
        "ref": "nixos-unstable",
        "rev": "ef34387ddd751e1ab8857adf4676492d32eb24ec",
        "shallow": true,
        "type": "git",
        "url": "ssh://git@ssh.git.wrzalek.com/nixos/upstream-nixpkgs.git"
      },
      "original": {
        "ref": "nixos-unstable",
        "shallow": true,
        "type": "git",
        "url": "ssh://git@ssh.git.wrzalek.com/nixos/upstream-nixpkgs.git"
      }
    },
    "npm-lockfile-fix": {
      "inputs": {
        "nixpkgs": [
          "hermes-agent",
          "nixpkgs"
        ]
      },
      "locked": {
        "lastModified": 1775903712,
        "narHash": "sha256-2GV79U6iVH4gKAPWYrxUReB0S41ty/Y3dBLquU8AlaA=",
        "rev": "c6093acb0c0548e0f9b8b3d82918823721930fe8",
        "shallow": true,
        "type": "git",
        "url": "ssh://git@ssh.git.wrzalek.com/nixos/upstream-npm-lockfile-fix.git"
      },
      "original": {
        "shallow": true,
        "type": "git",
        "url": "ssh://git@ssh.git.wrzalek.com/nixos/upstream-npm-lockfile-fix.git"
      }
    },
    "pyproject-build-systems": {
      "inputs": {
        "nixpkgs": [
          "hermes-agent",
          "nixpkgs"
        ],
        "pyproject-nix": [
          "hermes-agent",
          "pyproject-nix"
        ],
        "uv2nix": [
          "hermes-agent",
          "uv2nix"
        ]
      },
      "locked": {
        "lastModified": 1785115949,
        "narHash": "sha256-8AM37BfyGaL2v/SZyg4PupRxJ01Y4htvM+WrTjWrPpo=",
        "rev": "62c0d86027edb1c4f39a5facc09876348144f7c9",
        "shallow": true,
        "type": "git",
        "url": "ssh://git@ssh.git.wrzalek.com/nixos/upstream-build-system-pkgs.git"
      },
      "original": {
        "shallow": true,
        "type": "git",
        "url": "ssh://git@ssh.git.wrzalek.com/nixos/upstream-build-system-pkgs.git"
      }
    },
    "pyproject-nix": {
      "inputs": {
        "nixpkgs": [
          "hermes-agent",
          "nixpkgs"
        ]
      },
      "locked": {
        "lastModified": 1784591072,
        "narHash": "sha256-zP/WaDxrRu8GANZM61+V2LT/7ycEEdoyLWn7M6WzU7M=",
        "rev": "e3b599ca2e7fcf93d4edf65d7f19bbf6491724f3",
        "shallow": true,
        "type": "git",
        "url": "ssh://git@ssh.git.wrzalek.com/nixos/upstream-pyproject.nix.git"
      },
      "original": {
        "shallow": true,
        "type": "git",
        "url": "ssh://git@ssh.git.wrzalek.com/nixos/upstream-pyproject.nix.git"
      }
    },
    "root": {
      "inputs": {
        "hermes-agent": "hermes-agent",
        "nixpkgs": "nixpkgs",
        "nixpkgs-unstable": "nixpkgs-unstable",
        "sops-nix": "sops-nix"
      }
    },
    "sops-nix": {
      "inputs": {
        "nixpkgs": [
          "nixpkgs"
        ]
      },
      "locked": {
        "lastModified": 1783104586,
        "narHash": "sha256-vSLKc7m34/g5xH4dwmNZSqxc5OcHeE3qiG3EIz6bJKs=",
        "rev": "1ebd41717762d837d5115f7108522c29cdb00fbb",
        "shallow": true,
        "type": "git",
        "url": "ssh://git@ssh.git.wrzalek.com/nixos/upstream-sops-nix.git"
      },
      "original": {
        "shallow": true,
        "type": "git",
        "url": "ssh://git@ssh.git.wrzalek.com/nixos/upstream-sops-nix.git"
      }
    },
    "uv2nix": {
      "inputs": {
        "nixpkgs": [
          "hermes-agent",
          "nixpkgs"
        ],
        "pyproject-nix": [
          "hermes-agent",
          "pyproject-nix"
        ]
      },
      "locked": {
        "lastModified": 1785277507,
        "narHash": "sha256-9Tq3UDX2hD/aveW/HvkBlAmEwJTOlY5HQXJM+L5BGmE=",
        "rev": "5a836d395cbf5fc22670eb98dd4aa4fc4d406977",
        "shallow": true,
        "type": "git",
        "url": "ssh://git@ssh.git.wrzalek.com/nixos/upstream-uv2nix.git"
      },
      "original": {
        "shallow": true,
        "type": "git",
        "url": "ssh://git@ssh.git.wrzalek.com/nixos/upstream-uv2nix.git"
      }
    }
  },
  "root": "root",
  "version": 7
}
